
Microsoft Visual Studio Solution File, Format Version 12.00
# Visual Studio Version 17
VisualStudioVersion = 17.9.34616.47
MinimumVisualStudioVersion = 10.0.40219.1
Project("{FAE04EC0-301F-11D3-BF4B-00C04F79EFBC}") = "Demo1", "Demo1.csproj", "{4235D9A6-087F-4A9A-BC0C-E8E10B5EC0A8}"
EndProject
Global
	GlobalSection(SolutionConfigurationPlatforms) = preSolution
		Debug|Any CPU = Debug|Any CPU
		ExportDebug|Any CPU = ExportDebug|Any CPU
		ExportRelease|Any CPU = ExportRelease|Any CPU
	EndGlobalSection
	GlobalSection(ProjectConfigurationPlatforms) = postSolution
		{4235D9A6-087F-4A9A-BC0C-E8E10B5EC0A8}.Debug|Any CPU.ActiveCfg = Debug|Any CPU
		{4235D9A6-087F-4A9A-BC0C-E8E10B5EC0A8}.Debug|Any CPU.Build.0 = Debug|Any CPU
		{4235D9A6-087F-4A9A-BC0C-E8E10B5EC0A8}.ExportDebug|Any CPU.ActiveCfg = ExportDebug|Any CPU
		{4235D9A6-087F-4A9A-BC0C-E8E10B5EC0A8}.ExportDebug|Any CPU.Build.0 = ExportDebug|Any CPU
		{4235D9A6-087F-4A9A-BC0C-E8E10B5EC0A8}.ExportRelease|Any CPU.ActiveCfg = ExportRelease|Any CPU
		{4235D9A6-087F-4A9A-BC0C-E8E10B5EC0A8}.ExportRelease|Any CPU.Build.0 = ExportRelease|Any CPU
	EndGlobalSection
	GlobalSection(SolutionProperties) = preSolution
		HideSolutionNode = FALSE
	EndGlobalSection
	GlobalSection(ExtensibilityGlobals) = postSolution
		SolutionGuid = {2A110DC6-3BA2-47D6-A344-92D5BB19ACEB}
	EndGlobalSection
EndGlobal
